
Microsoft Visual Studio Solution File, Format Version 12.00
# Visual Studio Version 16
VisualStudioVersion = 16.0.30002.166
MinimumVisualStudioVersion = 10.0.40219.1
Project("{2150E333-8FDC-42A3-9474-1A3956D46DE8}") = "src", "src", "{ACF0AB70-A62B-4594-8C3E-657CB81511E0}"
EndProject
Project("{FAE04EC0-301F-11D3-BF4B-00C04F79EFBC}") = "AzureAd.OAuth.Demo.Api", "src\AzureAd.OAuth.Demo.Api\AzureAd.OAuth.Demo.Api.csproj", "{C1E23726-82A9-4E5C-829F-29942F06D0FB}"
EndProject
Global
	GlobalSection(SolutionConfigurationPlatforms) = preSolution
		Debug|Any CPU = Debug|Any CPU
		Release|Any CPU = Release|Any CPU
	EndGlobalSection
	GlobalSection(ProjectConfigurationPlatforms) = postSolution
		{C1E23726-82A9-4E5C-829F-29942F06D0FB}.Debug|Any CPU.ActiveCfg = Debug|Any CPU
		{C1E23726-82A9-4E5C-829F-29942F06D0FB}.Debug|Any CPU.Build.0 = Debug|Any CPU
		{C1E23726-82A9-4E5C-829F-29942F06D0FB}.Release|Any CPU.ActiveCfg = Release|Any CPU
		{C1E23726-82A9-4E5C-829F-29942F06D0FB}.Release|Any CPU.Build.0 = Release|Any CPU
	EndGlobalSection
	GlobalSection(SolutionProperties) = preSolution
		HideSolutionNode = FALSE
	EndGlobalSection
	GlobalSection(NestedProjects) = preSolution
		{C1E23726-82A9-4E5C-829F-29942F06D0FB} = {ACF0AB70-A62B-4594-8C3E-657CB81511E0}
	EndGlobalSection
	GlobalSection(ExtensibilityGlobals) = postSolution
		SolutionGuid = {B919BA26-13F6-4108-A4DA-E958E5258BF0}
	EndGlobalSection
EndGlobal
